// !$*UTF8*$!
{
	archiveVersion = 1;
	classes = {
	};
	objectVersion = 46;
	objects = {

/* Begin PBXBuildFile section */
		380F06421545673A00C9CF7C /* NavigationManager.m in Sources */ = {isa = PBXBuildFile; fileRef = 380F06411545673A00C9CF7C /* NavigationManager.m */; };
		380F065B1545799D00C9CF7C /* BaseViewController.m in Sources */ = {isa = PBXBuildFile; fileRef = 380F065A1545799D00C9CF7C /* BaseViewController.m */; };
		380F066E1545840D00C9CF7C /* LoginView_iPhone.xib in Resources */ = {isa = PBXBuildFile; fileRef = 380F066D1545840D00C9CF7C /* LoginView_iPhone.xib */; };
		380F06721545842E00C9CF7C /* LoginViewController.m in Sources */ = {isa = PBXBuildFile; fileRef = 380F06711545842E00C9CF7C /* LoginViewController.m */; };
		3822BF3715467D3400FB996A /* Default.png in Resources */ = {isa = PBXBuildFile; fileRef = 3822BF3315467D3400FB996A /* Default.png */; };
		3822BF3815467D3400FB996A /* Default@2x.png in Resources */ = {isa = PBXBuildFile; fileRef = 3822BF3415467D3400FB996A /* Default@2x.png */; };
		3822BF5E1546854900FB996A /* README.md in Resources */ = {isa = PBXBuildFile; fileRef = 3822BF5D1546854900FB996A /* README.md */; };
		3822BF90154692D900FB996A /* QuartzCore.framework in Frameworks */ = {isa = PBXBuildFile; fileRef = 3822BF8F154692D900FB996A /* QuartzCore.framework */; };
		3822BF921546959F00FB996A /* libRestKit.a in Frameworks */ = {isa = PBXBuildFile; fileRef = 3822BF4715467D4B00FB996A /* libRestKit.a */; };
		3822BF94154695AA00FB996A /* CFNetwork.framework in Frameworks */ = {isa = PBXBuildFile; fileRef = 3822BF93154695AA00FB996A /* CFNetwork.framework */; };
		3822BF96154695B400FB996A /* CoreData.framework in Frameworks */ = {isa = PBXBuildFile; fileRef = 3822BF95154695B400FB996A /* CoreData.framework */; };
		3822BF98154695C100FB996A /* MobileCoreServices.framework in Frameworks */ = {isa = PBXBuildFile; fileRef = 3822BF97154695C100FB996A /* MobileCoreServices.framework */; };
		3822BF9A154695CD00FB996A /* Security.framework in Frameworks */ = {isa = PBXBuildFile; fileRef = 3822BF99154695CD00FB996A /* Security.framework */; };
		3822BF9C154695DA00FB996A /* SystemConfiguration.framework in Frameworks */ = {isa = PBXBuildFile; fileRef = 3822BF9B154695DA00FB996A /* SystemConfiguration.framework */; };
		3822BF9E154695E900FB996A /* libxml2.dylib in Frameworks */ = {isa = PBXBuildFile; fileRef = 3822BF9D154695E900FB996A /* libxml2.dylib */; };
		386935221545B0EC00EDF001 /* HomeViewController.m in Sources */ = {isa = PBXBuildFile; fileRef = 386935211545B0EC00EDF001 /* HomeViewController.m */; };
		386C596615454C1A000B592A /* UIKit.framework in Frameworks */ = {isa = PBXBuildFile; fileRef = 386C596515454C1A000B592A /* UIKit.framework */; };
		386C596815454C1A000B592A /* Foundation.framework in Frameworks */ = {isa = PBXBuildFile; fileRef = 386C596715454C1A000B592A /* Foundation.framework */; };
		386C596A15454C1A000B592A /* CoreGraphics.framework in Frameworks */ = {isa = PBXBuildFile; fileRef = 386C596915454C1A000B592A /* CoreGraphics.framework */; };
		386C597015454C1A000B592A /* InfoPlist.strings in Resources */ = {isa = PBXBuildFile; fileRef = 386C596E15454C1A000B592A /* InfoPlist.strings */; };
		386C597215454C1A000B592A /* main.m in Sources */ = {isa = PBXBuildFile; fileRef = 386C597115454C1A000B592A /* main.m */; };
		386C597615454C1A000B592A /* AppDelegate.m in Sources */ = {isa = PBXBuildFile; fileRef = 386C597515454C1A000B592A /* AppDelegate.m */; };
		386C597915454C1A000B592A /* SplashViewController.m in Sources */ = {isa = PBXBuildFile; fileRef = 386C597815454C1A000B592A /* SplashViewController.m */; };
		386C597C15454C1A000B592A /* SplashView_iPhone.xib in Resources */ = {isa = PBXBuildFile; fileRef = 386C597A15454C1A000B592A /* SplashView_iPhone.xib */; };
		386C597F15454C1A000B592A /* SplashView_iPad.xib in Resources */ = {isa = PBXBuildFile; fileRef = 386C597D15454C1A000B592A /* SplashView_iPad.xib */; };
		3894D0AD1547E17500707389 /* icon-72.png in Resources */ = {isa = PBXBuildFile; fileRef = 3894D0AB1547E17500707389 /* icon-72.png */; };
		3894D0AE1547E17500707389 /* icon.png in Resources */ = {isa = PBXBuildFile; fileRef = 3894D0AC1547E17500707389 /* icon.png */; };
		3894D0F41547FBE900707389 /* SettingsView_iPhone.xib in Resources */ = {isa = PBXBuildFile; fileRef = 3894D0F31547FBE900707389 /* SettingsView_iPhone.xib */; };
		3894D0F71547FC0000707389 /* SettingsViewController.m in Sources */ = {isa = PBXBuildFile; fileRef = 3894D0F61547FC0000707389 /* SettingsViewController.m */; };
		3894D0F91548002F00707389 /* HomeView_iPhone.xib in Resources */ = {isa = PBXBuildFile; fileRef = 3894D0F81548002F00707389 /* HomeView_iPhone.xib */; };
		3894D11E1549150900707389 /* Location.m in Sources */ = {isa = PBXBuildFile; fileRef = 3894D11D1549150900707389 /* Location.m */; };
		3894D1441549218900707389 /* InfoPlist.strings in Resources */ = {isa = PBXBuildFile; fileRef = 3894D1401549218900707389 /* InfoPlist.strings */; };
		3894D1451549218900707389 /* Localizable.strings in Resources */ = {isa = PBXBuildFile; fileRef = 3894D1421549218900707389 /* Localizable.strings */; };
		3894D14B1549219100707389 /* InfoPlist.strings in Resources */ = {isa = PBXBuildFile; fileRef = 3894D1471549219100707389 /* InfoPlist.strings */; };
		3894D14C1549219100707389 /* Localizable.strings in Resources */ = {isa = PBXBuildFile; fileRef = 3894D1491549219100707389 /* Localizable.strings */; };
		38DB056C154854F80092CDCD /* AboutView_iPhone.xib in Resources */ = {isa = PBXBuildFile; fileRef = 38DB056B154854F80092CDCD /* AboutView_iPhone.xib */; };
		38DB056F154855140092CDCD /* AboutViewController.m in Sources */ = {isa = PBXBuildFile; fileRef = 38DB056E154855140092CDCD /* AboutViewController.m */; };
/* End PBXBuildFile section */

/* Begin PBXContainerItemProxy section */
		3822BF4615467D4B00FB996A /* PBXContainerItemProxy */ = {
			isa = PBXContainerItemProxy;
			containerPortal = 3822BF3B15467D4A00FB996A /* RestKit.xcodeproj */;
			proxyType = 2;
			remoteGlobalIDString = 25160D1614564E810060A5C5;
			remoteInfo = RestKit;
		};
		3822BF4815467D4B00FB996A /* PBXContainerItemProxy */ = {
			isa = PBXContainerItemProxy;
			containerPortal = 3822BF3B15467D4A00FB996A /* RestKit.xcodeproj */;
			proxyType = 2;
			remoteGlobalIDString = 25160D2614564E820060A5C5;
			remoteInfo = RestKitTests;
		};
		3822BF4A15467D4B00FB996A /* PBXContainerItemProxy */ = {
			isa = PBXContainerItemProxy;
			containerPortal = 3822BF3B15467D4A00FB996A /* RestKit.xcodeproj */;
			proxyType = 2;
			remoteGlobalIDString = 25160E62145651060060A5C5;
			remoteInfo = RestKitFramework;
		};
		3822BF4C15467D4B00FB996A /* PBXContainerItemProxy */ = {
			isa = PBXContainerItemProxy;
			containerPortal = 3822BF3B15467D4A00FB996A /* RestKit.xcodeproj */;
			proxyType = 2;
			remoteGlobalIDString = 25160E78145651060060A5C5;
			remoteInfo = RestKitFrameworkTests;
		};
		3822BF4E15467D4B00FB996A /* PBXContainerItemProxy */ = {
			isa = PBXContainerItemProxy;
			containerPortal = 3822BF3B15467D4A00FB996A /* RestKit.xcodeproj */;
			proxyType = 2;
			remoteGlobalIDString = 259C301615128079003066A2;
			remoteInfo = RestKitResources;
		};
		3822BF7815468F3300FB996A /* PBXContainerItemProxy */ = {
			isa = PBXContainerItemProxy;
			containerPortal = 3822BF3B15467D4A00FB996A /* RestKit.xcodeproj */;
			proxyType = 1;
			remoteGlobalIDString = 25160D1514564E810060A5C5;
			remoteInfo = RestKit;
		};
/* End PBXContainerItemProxy section */

/* Begin PBXFileReference section */
		380F06401545673A00C9CF7C /* NavigationManager.h */ = {isa = PBXFileReference; fileEncoding = 4; lastKnownFileType = sourcecode.c.h; path = NavigationManager.h; sourceTree = "<group>"; };
		380F06411545673A00C9CF7C /* NavigationManager.m */ = {isa = PBXFileReference; fileEncoding = 4; lastKnownFileType = sourcecode.c.objc; path = NavigationManager.m; sourceTree = "<group>"; };
		380F06591545799D00C9CF7C /* BaseViewController.h */ = {isa = PBXFileReference; fileEncoding = 4; lastKnownFileType = sourcecode.c.h; path = BaseViewController.h; sourceTree = "<group>"; };
		380F065A1545799D00C9CF7C /* BaseViewController.m */ = {isa = PBXFileReference; fileEncoding = 4; lastKnownFileType = sourcecode.c.objc; path = BaseViewController.m; sourceTree = "<group>"; };
		380F066D1545840D00C9CF7C /* LoginView_iPhone.xib */ = {isa = PBXFileReference; fileEncoding = 4; lastKnownFileType = file.xib; path = LoginView_iPhone.xib; sourceTree = "<group>"; };
		380F06701545842E00C9CF7C /* LoginViewController.h */ = {isa = PBXFileReference; fileEncoding = 4; lastKnownFileType = sourcecode.c.h; path = LoginViewController.h; sourceTree = "<group>"; };
		380F06711545842E00C9CF7C /* LoginViewController.m */ = {isa = PBXFileReference; fileEncoding = 4; lastKnownFileType = sourcecode.c.objc; path = LoginViewController.m; sourceTree = "<group>"; };
		3822BF3315467D3400FB996A /* Default.png */ = {isa = PBXFileReference; lastKnownFileType = image.png; path = Default.png; sourceTree = "<group>"; };
		3822BF3415467D3400FB996A /* Default@2x.png */ = {isa = PBXFileReference; lastKnownFileType = image.png; path = "Default@2x.png"; sourceTree = "<group>"; };
		3822BF3B15467D4A00FB996A /* RestKit.xcodeproj */ = {isa = PBXFileReference; lastKnownFileType = "wrapper.pb-project"; name = RestKit.xcodeproj; path = Vendor/RestKit/RestKit.xcodeproj; sourceTree = "<group>"; };
		3822BF5D1546854900FB996A /* README.md */ = {isa = PBXFileReference; fileEncoding = 4; lastKnownFileType = text; path = README.md; sourceTree = "<group>"; };
		3822BF8F154692D900FB996A /* QuartzCore.framework */ = {isa = PBXFileReference; lastKnownFileType = wrapper.framework; name = QuartzCore.framework; path = System/Library/Frameworks/QuartzCore.framework; sourceTree = SDKROOT; };
		3822BF93154695AA00FB996A /* CFNetwork.framework */ = {isa = PBXFileReference; lastKnownFileType = wrapper.framework; name = CFNetwork.framework; path = System/Library/Frameworks/CFNetwork.framework; sourceTree = SDKROOT; };
		3822BF95154695B400FB996A /* CoreData.framework */ = {isa = PBXFileReference; lastKnownFileType = wrapper.framework; name = CoreData.framework; path = System/Library/Frameworks/CoreData.framework; sourceTree = SDKROOT; };
		3822BF97154695C100FB996A /* MobileCoreServices.framework */ = {isa = PBXFileReference; lastKnownFileType = wrapper.framework; name = MobileCoreServices.framework; path = System/Library/Frameworks/MobileCoreServices.framework; sourceTree = SDKROOT; };
		3822BF99154695CD00FB996A /* Security.framework */ = {isa = PBXFileReference; lastKnownFileType = wrapper.framework; name = Security.framework; path = System/Library/Frameworks/Security.framework; sourceTree = SDKROOT; };
		3822BF9B154695DA00FB996A /* SystemConfiguration.framework */ = {isa = PBXFileReference; lastKnownFileType = wrapper.framework; name = SystemConfiguration.framework; path = System/Library/Frameworks/SystemConfiguration.framework; sourceTree = SDKROOT; };
		3822BF9D154695E900FB996A /* libxml2.dylib */ = {isa = PBXFileReference; lastKnownFileType = "compiled.mach-o.dylib"; name = libxml2.dylib; path = usr/lib/libxml2.dylib; sourceTree = SDKROOT; };
		3822BFA01546961500FB996A /* CHANGELOG.md */ = {isa = PBXFileReference; fileEncoding = 4; lastKnownFileType = text; path = CHANGELOG.md; sourceTree = "<group>"; };
		3822BFA11546961500FB996A /* JSONKit.h */ = {isa = PBXFileReference; fileEncoding = 4; lastKnownFileType = sourcecode.c.h; path = JSONKit.h; sourceTree = "<group>"; };
		3822BFA21546961500FB996A /* JSONKit.m */ = {isa = PBXFileReference; fileEncoding = 4; lastKnownFileType = sourcecode.c.objc; path = JSONKit.m; sourceTree = "<group>"; };
		3822BFA31546961500FB996A /* README.md */ = {isa = PBXFileReference; fileEncoding = 4; lastKnownFileType = text; path = README.md; sourceTree = "<group>"; };
		386935201545B0EC00EDF001 /* HomeViewController.h */ = {isa = PBXFileReference; fileEncoding = 4; lastKnownFileType = sourcecode.c.h; path = HomeViewController.h; sourceTree = "<group>"; };
		386935211545B0EC00EDF001 /* HomeViewController.m */ = {isa = PBXFileReference; fileEncoding = 4; lastKnownFileType = sourcecode.c.objc; path = HomeViewController.m; sourceTree = "<group>"; };
		386C596115454C1A000B592A /* Landmark.app */ = {isa = PBXFileReference; explicitFileType = wrapper.application; includeInIndex = 0; path = Landmark.app; sourceTree = BUILT_PRODUCTS_DIR; };
		386C596515454C1A000B592A /* UIKit.framework */ = {isa = PBXFileReference; lastKnownFileType = wrapper.framework; name = UIKit.framework; path = System/Library/Frameworks/UIKit.framework; sourceTree = SDKROOT; };
		386C596715454C1A000B592A /* Foundation.framework */ = {isa = PBXFileReference; lastKnownFileType = wrapper.framework; name = Foundation.framework; path = System/Library/Frameworks/Foundation.framework; sourceTree = SDKROOT; };
		386C596915454C1A000B592A /* CoreGraphics.framework */ = {isa = PBXFileReference; lastKnownFileType = wrapper.framework; name = CoreGraphics.framework; path = System/Library/Frameworks/CoreGraphics.framework; sourceTree = SDKROOT; };
		386C596D15454C1A000B592A /* Landmark-Info.plist */ = {isa = PBXFileReference; lastKnownFileType = text.plist.xml; path = "Landmark-Info.plist"; sourceTree = "<group>"; };
		386C596F15454C1A000B592A /* en */ = {isa = PBXFileReference; lastKnownFileType = text.plist.strings; name = en; path = en.lproj/InfoPlist.strings; sourceTree = "<group>"; };
		386C597115454C1A000B592A /* main.m */ = {isa = PBXFileReference; lastKnownFileType = sourcecode.c.objc; path = main.m; sourceTree = "<group>"; };
		386C597315454C1A000B592A /* Landmark-Prefix.pch */ = {isa = PBXFileReference; lastKnownFileType = sourcecode.c.h; path = "Landmark-Prefix.pch"; sourceTree = "<group>"; };
		386C597415454C1A000B592A /* AppDelegate.h */ = {isa = PBXFileReference; lastKnownFileType = sourcecode.c.h; path = AppDelegate.h; sourceTree = "<group>"; };
		386C597515454C1A000B592A /* AppDelegate.m */ = {isa = PBXFileReference; lastKnownFileType = sourcecode.c.objc; path = AppDelegate.m; sourceTree = "<group>"; };
		386C597715454C1A000B592A /* SplashViewController.h */ = {isa = PBXFileReference; lastKnownFileType = sourcecode.c.h; path = SplashViewController.h; sourceTree = "<group>"; };
		386C597815454C1A000B592A /* SplashViewController.m */ = {isa = PBXFileReference; lastKnownFileType = sourcecode.c.objc; path = SplashViewController.m; sourceTree = "<group>"; };
		386C597B15454C1A000B592A /* en */ = {isa = PBXFileReference; lastKnownFileType = file.xib; name = en; path = en.lproj/SplashView_iPhone.xib; sourceTree = "<group>"; };
		386C597E15454C1A000B592A /* en */ = {isa = PBXFileReference; lastKnownFileType = file.xib; name = en; path = en.lproj/SplashView_iPad.xib; sourceTree = "<group>"; };
		3894D0AB1547E17500707389 /* icon-72.png */ = {isa = PBXFileReference; lastKnownFileType = image.png; name = "icon-72.png"; path = "Icons/icon-72.png"; sourceTree = "<group>"; };
		3894D0AC1547E17500707389 /* icon.png */ = {isa = PBXFileReference; lastKnownFileType = image.png; name = icon.png; path = Icons/icon.png; sourceTree = "<group>"; };
		3894D0F31547FBE900707389 /* SettingsView_iPhone.xib */ = {isa = PBXFileReference; fileEncoding = 4; lastKnownFileType = file.xib; path = SettingsView_iPhone.xib; sourceTree = "<group>"; };
		3894D0F51547FC0000707389 /* SettingsViewController.h */ = {isa = PBXFileReference; fileEncoding = 4; lastKnownFileType = sourcecode.c.h; path = SettingsViewController.h; sourceTree = "<group>"; };
		3894D0F61547FC0000707389 /* SettingsViewController.m */ = {isa = PBXFileReference; fileEncoding = 4; lastKnownFileType = sourcecode.c.objc; path = SettingsViewController.m; sourceTree = "<group>"; };
		3894D0F81548002F00707389 /* HomeView_iPhone.xib */ = {isa = PBXFileReference; fileEncoding = 4; lastKnownFileType = file.xib; path = HomeView_iPhone.xib; sourceTree = "<group>"; };
		3894D11B154901E300707389 /* ModalViewControllerDelegate.h */ = {isa = PBXFileReference; lastKnownFileType = sourcecode.c.h; path = ModalViewControllerDelegate.h; sourceTree = "<group>"; };
		3894D11C1549150900707389 /* Location.h */ = {isa = PBXFileReference; fileEncoding = 4; lastKnownFileType = sourcecode.c.h; path = Location.h; sourceTree = "<group>"; };
		3894D11D1549150900707389 /* Location.m */ = {isa = PBXFileReference; fileEncoding = 4; lastKnownFileType = sourcecode.c.objc; path = Location.m; sourceTree = "<group>"; };
		3894D1411549218900707389 /* en */ = {isa = PBXFileReference; lastKnownFileType = text.plist.strings; name = en; path = InfoPlist.strings; sourceTree = "<group>"; };
		3894D1431549218900707389 /* en */ = {isa = PBXFileReference; lastKnownFileType = text.plist.strings; name = en; path = Localizable.strings; sourceTree = "<group>"; };
		3894D1481549219100707389 /* zh-Hans */ = {isa = PBXFileReference; lastKnownFileType = text.plist.strings; name = "zh-Hans"; path = InfoPlist.strings; sourceTree = "<group>"; };
		3894D14A1549219100707389 /* zh-Hans */ = {isa = PBXFileReference; lastKnownFileType = text.plist.strings; name = "zh-Hans"; path = Localizable.strings; sourceTree = "<group>"; };
		38DB056B154854F80092CDCD /* AboutView_iPhone.xib */ = {isa = PBXFileReference; fileEncoding = 4; lastKnownFileType = file.xib; path = AboutView_iPhone.xib; sourceTree = "<group>"; };
		38DB056D154855140092CDCD /* AboutViewController.h */ = {isa = PBXFileReference; fileEncoding = 4; lastKnownFileType = sourcecode.c.h; path = AboutViewController.h; sourceTree = "<group>"; };
		38DB056E154855140092CDCD /* AboutViewController.m */ = {isa = PBXFileReference; fileEncoding = 4; lastKnownFileType = sourcecode.c.objc; path = AboutViewController.m; sourceTree = "<group>"; };
/* End PBXFileReference section */

/* Begin PBXFrameworksBuildPhase section */
		386C595E15454C1A000B592A /* Frameworks */ = {
			isa = PBXFrameworksBuildPhase;
			buildActionMask = 2147483647;
			files = (
				3822BF9E154695E900FB996A /* libxml2.dylib in Frameworks */,
				3822BF9C154695DA00FB996A /* SystemConfiguration.framework in Frameworks */,
				3822BF9A154695CD00FB996A /* Security.framework in Frameworks */,
				3822BF98154695C100FB996A /* MobileCoreServices.framework in Frameworks */,
				3822BF96154695B400FB996A /* CoreData.framework in Frameworks */,
				3822BF94154695AA00FB996A /* CFNetwork.framework in Frameworks */,
				3822BF921546959F00FB996A /* libRestKit.a in Frameworks */,
				3822BF90154692D900FB996A /* QuartzCore.framework in Frameworks */,
				386C596615454C1A000B592A /* UIKit.framework in Frameworks */,
				386C596815454C1A000B592A /* Foundation.framework in Frameworks */,
				386C596A15454C1A000B592A /* CoreGraphics.framework in Frameworks */,
			);
			runOnlyForDeploymentPostprocessing = 0;
		};
/* End PBXFrameworksBuildPhase section */

/* Begin PBXGroup section */
		380F063F154566CC00C9CF7C /* ViewManager */ = {
			isa = PBXGroup;
			children = (
				380F06401545673A00C9CF7C /* NavigationManager.h */,
				380F06411545673A00C9CF7C /* NavigationManager.m */,
			);
			name = ViewManager;
			sourceTree = "<group>";
		};
		380F06431545677F00C9CF7C /* iPad */ = {
			isa = PBXGroup;
			children = (
				386C597D15454C1A000B592A /* SplashView_iPad.xib */,
			);
			name = iPad;
			sourceTree = "<group>";
		};
		380F06441545678B00C9CF7C /* iPhone */ = {
			isa = PBXGroup;
			children = (
				38DB056B154854F80092CDCD /* AboutView_iPhone.xib */,
				3894D0F81548002F00707389 /* HomeView_iPhone.xib */,
				380F066D1545840D00C9CF7C /* LoginView_iPhone.xib */,
				3894D0F31547FBE900707389 /* SettingsView_iPhone.xib */,
				386C597A15454C1A000B592A /* SplashView_iPhone.xib */,
			);
			name = iPhone;
			sourceTree = "<group>";
		};
		3822BF3015467D1F00FB996A /* Vendor */ = {
			isa = PBXGroup;
			children = (
				3822BF9F1546961500FB996A /* JSONKit */,
				3822BF3B15467D4A00FB996A /* RestKit.xcodeproj */,
			);
			name = Vendor;
			sourceTree = "<group>";
		};
		3822BF3115467D3400FB996A /* Resources */ = {
			isa = PBXGroup;
			children = (
				3894D1461549219100707389 /* zh-Hans.lproj */,
				3894D13F1549218900707389 /* en.lproj */,
				3894D0AA1547E13D00707389 /* Icons */,
				3822BF3215467D3400FB996A /* Images */,
			);
			path = Resources;
			sourceTree = "<group>";
		};
		3822BF3215467D3400FB996A /* Images */ = {
			isa = PBXGroup;
			children = (
				3822BF3315467D3400FB996A /* Default.png */,
				3822BF3415467D3400FB996A /* Default@2x.png */,
			);
			path = Images;
			sourceTree = "<group>";
		};
		3822BF3C15467D4A00FB996A /* Products */ = {
			isa = PBXGroup;
			children = (
				3822BF4715467D4B00FB996A /* libRestKit.a */,
				3822BF4915467D4B00FB996A /* RestKitTests.octest */,
				3822BF4B15467D4B00FB996A /* RestKit.framework */,
				3822BF4D15467D4B00FB996A /* RestKitFrameworkTests.octest */,
				3822BF4F15467D4B00FB996A /* RestKitResources.bundle */,
			);
			name = Products;
			sourceTree = "<group>";
		};
		3822BF9F1546961500FB996A /* JSONKit */ = {
			isa = PBXGroup;
			children = (
				3822BFA01546961500FB996A /* CHANGELOG.md */,
				3822BFA11546961500FB996A /* JSONKit.h */,
				3822BFA21546961500FB996A /* JSONKit.m */,
				3822BFA31546961500FB996A /* README.md */,
			);
			name = JSONKit;
			path = Vendor/JSONKit;
			sourceTree = "<group>";
		};
		386C595615454C1A000B592A = {
			isa = PBXGroup;
			children = (
				386C596415454C1A000B592A /* Frameworks */,
				386C596B15454C1A000B592A /* Landmark */,
				386C596215454C1A000B592A /* Products */,
				3822BF5D1546854900FB996A /* README.md */,
				3822BF3115467D3400FB996A /* Resources */,
				3822BF3015467D1F00FB996A /* Vendor */,
			);
			sourceTree = "<group>";
		};
		386C596215454C1A000B592A /* Products */ = {
			isa = PBXGroup;
			children = (
				386C596115454C1A000B592A /* Landmark.app */,
			);
			name = Products;
			sourceTree = "<group>";
		};
		386C596415454C1A000B592A /* Frameworks */ = {
			isa = PBXGroup;
			children = (
				3822BF9D154695E900FB996A /* libxml2.dylib */,
				3822BF9B154695DA00FB996A /* SystemConfiguration.framework */,
				3822BF99154695CD00FB996A /* Security.framework */,
				3822BF97154695C100FB996A /* MobileCoreServices.framework */,
				3822BF95154695B400FB996A /* CoreData.framework */,
				3822BF93154695AA00FB996A /* CFNetwork.framework */,
				3822BF8F154692D900FB996A /* QuartzCore.framework */,
				386C596515454C1A000B592A /* UIKit.framework */,
				386C596715454C1A000B592A /* Foundation.framework */,
				386C596915454C1A000B592A /* CoreGraphics.framework */,
			);
			name = Frameworks;
			sourceTree = "<group>";
		};
		386C596B15454C1A000B592A /* Landmark */ = {
			isa = PBXGroup;
			children = (
				3894D11A154901BC00707389 /* Protocals */,
				380F063F154566CC00C9CF7C /* ViewManager */,
				386C598815455369000B592A /* Models */,
				386C598715455362000B592A /* Views */,
				386C598615455320000B592A /* ViewControllers */,
				386C597415454C1A000B592A /* AppDelegate.h */,
				386C597515454C1A000B592A /* AppDelegate.m */,
				386C596C15454C1A000B592A /* Supporting Files */,
			);
			path = Landmark;
			sourceTree = "<group>";
		};
		386C596C15454C1A000B592A /* Supporting Files */ = {
			isa = PBXGroup;
			children = (
				386C596D15454C1A000B592A /* Landmark-Info.plist */,
				386C596E15454C1A000B592A /* InfoPlist.strings */,
				386C597115454C1A000B592A /* main.m */,
				386C597315454C1A000B592A /* Landmark-Prefix.pch */,
			);
			name = "Supporting Files";
			sourceTree = "<group>";
		};
		386C598615455320000B592A /* ViewControllers */ = {
			isa = PBXGroup;
			children = (
				38DB056D154855140092CDCD /* AboutViewController.h */,
				38DB056E154855140092CDCD /* AboutViewController.m */,
				380F06591545799D00C9CF7C /* BaseViewController.h */,
				380F065A1545799D00C9CF7C /* BaseViewController.m */,
				386935201545B0EC00EDF001 /* HomeViewController.h */,
				386935211545B0EC00EDF001 /* HomeViewController.m */,
				380F06701545842E00C9CF7C /* LoginViewController.h */,
				380F06711545842E00C9CF7C /* LoginViewController.m */,
				3894D0F51547FC0000707389 /* SettingsViewController.h */,
				3894D0F61547FC0000707389 /* SettingsViewController.m */,
				386C597715454C1A000B592A /* SplashViewController.h */,
				386C597815454C1A000B592A /* SplashViewController.m */,
			);
			name = ViewControllers;
			sourceTree = "<group>";
		};
		386C598715455362000B592A /* Views */ = {
			isa = PBXGroup;
			children = (
				380F06441545678B00C9CF7C /* iPhone */,
				380F06431545677F00C9CF7C /* iPad */,
			);
			name = Views;
			sourceTree = "<group>";
		};
		386C598815455369000B592A /* Models */ = {
			isa = PBXGroup;
			children = (
				3894D11C1549150900707389 /* Location.h */,
				3894D11D1549150900707389 /* Location.m */,
			);
			name = Models;
			sourceTree = "<group>";
		};
		3894D0AA1547E13D00707389 /* Icons */ = {
			isa = PBXGroup;
			children = (
				3894D0AB1547E17500707389 /* icon-72.png */,
				3894D0AC1547E17500707389 /* icon.png */,
			);
			name = Icons;
			sourceTree = "<group>";
		};
		3894D11A154901BC00707389 /* Protocals */ = {
			isa = PBXGroup;
			children = (
				3894D11B154901E300707389 /* ModalViewControllerDelegate.h */,
			);
			name = Protocals;
			sourceTree = "<group>";
		};
		3894D13F1549218900707389 /* en.lproj */ = {
			isa = PBXGroup;
			children = (
				3894D1401549218900707389 /* InfoPlist.strings */,
				3894D1421549218900707389 /* Localizable.strings */,
			);
			path = en.lproj;
			sourceTree = "<group>";
		};
		3894D1461549219100707389 /* zh-Hans.lproj */ = {
			isa = PBXGroup;
			children = (
				3894D1471549219100707389 /* InfoPlist.strings */,
				3894D1491549219100707389 /* Localizable.strings */,
			);
			path = "zh-Hans.lproj";
			sourceTree = "<group>";
		};
/* End PBXGroup section */

/* Begin PBXNativeTarget section */
		386C596015454C1A000B592A /* Landmark */ = {
			isa = PBXNativeTarget;
			buildConfigurationList = 386C598215454C1A000B592A /* Build configuration list for PBXNativeTarget "Landmark" */;
			buildPhases = (
				386C595D15454C1A000B592A /* Sources */,
				386C595E15454C1A000B592A /* Frameworks */,
				386C595F15454C1A000B592A /* Resources */,
			);
			buildRules = (
			);
			dependencies = (
				3822BF7915468F3300FB996A /* PBXTargetDependency */,
			);
			name = Landmark;
			productName = Landmark;
			productReference = 386C596115454C1A000B592A /* Landmark.app */;
			productType = "com.apple.product-type.application";
		};
/* End PBXNativeTarget section */

/* Begin PBXProject section */
		386C595815454C1A000B592A /* Project object */ = {
			isa = PBXProject;
			attributes = {
				LastUpgradeCheck = 0430;
				ORGANIZATIONNAME = LANVIGE;
			};
			buildConfigurationList = 386C595B15454C1A000B592A /* Build configuration list for PBXProject "Landmark" */;
			compatibilityVersion = "Xcode 3.2";
			developmentRegion = English;
			hasScannedForEncodings = 0;
			knownRegions = (
				en,
				"zh-Hans",
			);
			mainGroup = 386C595615454C1A000B592A;
			productRefGroup = 386C596215454C1A000B592A /* Products */;
			projectDirPath = "";
			projectReferences = (
				{
					ProductGroup = 3822BF3C15467D4A00FB996A /* Products */;
					ProjectRef = 3822BF3B15467D4A00FB996A /* RestKit.xcodeproj */;
				},
			);
			projectRoot = "";
			targets = (
				386C596015454C1A000B592A /* Landmark */,
			);
		};
/* End PBXProject section */

/* Begin PBXReferenceProxy section */
		3822BF4715467D4B00FB996A /* libRestKit.a */ = {
			isa = PBXReferenceProxy;
			fileType = archive.ar;
			path = libRestKit.a;
			remoteRef = 3822BF4615467D4B00FB996A /* PBXContainerItemProxy */;
			sourceTree = BUILT_PRODUCTS_DIR;
		};
		3822BF4915467D4B00FB996A /* RestKitTests.octest */ = {
			isa = PBXReferenceProxy;
			fileType = wrapper.cfbundle;
			path = RestKitTests.octest;
			remoteRef = 3822BF4815467D4B00FB996A /* PBXContainerItemProxy */;
			sourceTree = BUILT_PRODUCTS_DIR;
		};
		3822BF4B15467D4B00FB996A /* RestKit.framework */ = {
			isa = PBXReferenceProxy;
			fileType = wrapper.framework;
			path = RestKit.framework;
			remoteRef = 3822BF4A15467D4B00FB996A /* PBXContainerItemProxy */;
			sourceTree = BUILT_PRODUCTS_DIR;
		};
		3822BF4D15467D4B00FB996A /* RestKitFrameworkTests.octest */ = {
			isa = PBXReferenceProxy;
			fileType = wrapper.cfbundle;
			path = RestKitFrameworkTests.octest;
			remoteRef = 3822BF4C15467D4B00FB996A /* PBXContainerItemProxy */;
			sourceTree = BUILT_PRODUCTS_DIR;
		};
		3822BF4F15467D4B00FB996A /* RestKitResources.bundle */ = {
			isa = PBXReferenceProxy;
			fileType = wrapper.cfbundle;
			path = RestKitResources.bundle;
			remoteRef = 3822BF4E15467D4B00FB996A /* PBXContainerItemProxy */;
			sourceTree = BUILT_PRODUCTS_DIR;
		};
/* End PBXReferenceProxy section */

/* Begin PBXResourcesBuildPhase section */
		386C595F15454C1A000B592A /* Resources */ = {
			isa = PBXResourcesBuildPhase;
			buildActionMask = 2147483647;
			files = (
				386C597015454C1A000B592A /* InfoPlist.strings in Resources */,
				386C597C15454C1A000B592A /* SplashView_iPhone.xib in Resources */,
				386C597F15454C1A000B592A /* SplashView_iPad.xib in Resources */,
				380F066E1545840D00C9CF7C /* LoginView_iPhone.xib in Resources */,
				3822BF3715467D3400FB996A /* Default.png in Resources */,
				3822BF3815467D3400FB996A /* Default@2x.png in Resources */,
				3822BF5E1546854900FB996A /* README.md in Resources */,
				3894D0AD1547E17500707389 /* icon-72.png in Resources */,
				3894D0AE1547E17500707389 /* icon.png in Resources */,
				3894D0F41547FBE900707389 /* SettingsView_iPhone.xib in Resources */,
				3894D0F91548002F00707389 /* HomeView_iPhone.xib in Resources */,
				38DB056C154854F80092CDCD /* AboutView_iPhone.xib in Resources */,
				3894D1441549218900707389 /* InfoPlist.strings in Resources */,
				3894D1451549218900707389 /* Localizable.strings in Resources */,
				3894D14B1549219100707389 /* InfoPlist.strings in Resources */,
				3894D14C1549219100707389 /* Localizable.strings in Resources */,
			);
			runOnlyForDeploymentPostprocessing = 0;
		};
/* End PBXResourcesBuildPhase section */

/* Begin PBXSourcesBuildPhase section */
		386C595D15454C1A000B592A /* Sources */ = {
			isa = PBXSourcesBuildPhase;
			buildActionMask = 2147483647;
			files = (
				386C597215454C1A000B592A /* main.m in Sources */,
				386C597615454C1A000B592A /* AppDelegate.m in Sources */,
				386C597915454C1A000B592A /* SplashViewController.m in Sources */,
				380F06421545673A00C9CF7C /* NavigationManager.m in Sources */,
				380F065B1545799D00C9CF7C /* BaseViewController.m in Sources */,
				380F06721545842E00C9CF7C /* LoginViewController.m in Sources */,
				386935221545B0EC00EDF001 /* HomeViewController.m in Sources */,
				3894D0F71547FC0000707389 /* SettingsViewController.m in Sources */,
				38DB056F154855140092CDCD /* AboutViewController.m in Sources */,
				3894D11E1549150900707389 /* Location.m in Sources */,
			);
			runOnlyForDeploymentPostprocessing = 0;
		};
/* End PBXSourcesBuildPhase section */

/* Begin PBXTargetDependency section */
		3822BF7915468F3300FB996A /* PBXTargetDependency */ = {
			isa = PBXTargetDependency;
			name = RestKit;
			targetProxy = 3822BF7815468F3300FB996A /* PBXContainerItemProxy */;
		};
/* End PBXTargetDependency section */

/* Begin PBXVariantGroup section */
		386C596E15454C1A000B592A /* InfoPlist.strings */ = {
			isa = PBXVariantGroup;
			children = (
				386C596F15454C1A000B592A /* en */,
			);
			name = InfoPlist.strings;
			sourceTree = "<group>";
		};
		386C597A15454C1A000B592A /* SplashView_iPhone.xib */ = {
			isa = PBXVariantGroup;
			children = (
				386C597B15454C1A000B592A /* en */,
			);
			name = SplashView_iPhone.xib;
			sourceTree = "<group>";
		};
		386C597D15454C1A000B592A /* SplashView_iPad.xib */ = {
			isa = PBXVariantGroup;
			children = (
				386C597E15454C1A000B592A /* en */,
			);
			name = SplashView_iPad.xib;
			sourceTree = "<group>";
		};
		3894D1401549218900707389 /* InfoPlist.strings */ = {
			isa = PBXVariantGroup;
			children = (
				3894D1411549218900707389 /* en */,
			);
			name = InfoPlist.strings;
			sourceTree = "<group>";
		};
		3894D1421549218900707389 /* Localizable.strings */ = {
			isa = PBXVariantGroup;
			children = (
				3894D1431549218900707389 /* en */,
			);
			name = Localizable.strings;
			sourceTree = "<group>";
		};
		3894D1471549219100707389 /* InfoPlist.strings */ = {
			isa = PBXVariantGroup;
			children = (
				3894D1481549219100707389 /* zh-Hans */,
			);
			name = InfoPlist.strings;
			sourceTree = "<group>";
		};
		3894D1491549219100707389 /* Localizable.strings */ = {
			isa = PBXVariantGroup;
			children = (
				3894D14A1549219100707389 /* zh-Hans */,
			);
			name = Localizable.strings;
			sourceTree = "<group>";
		};
/* End PBXVariantGroup section */

/* Begin XCBuildConfiguration section */
		386C598015454C1A000B592A /* Debug */ = {
			isa = XCBuildConfiguration;
			buildSettings = {
				ALWAYS_SEARCH_USER_PATHS = NO;
				ARCHS = "$(ARCHS_STANDARD_32_BIT)";
				CLANG_ENABLE_OBJC_ARC = YES;
				"CODE_SIGN_IDENTITY[sdk=iphoneos*]" = "iPhone Developer";
				COPY_PHASE_STRIP = NO;
				GCC_C_LANGUAGE_STANDARD = gnu99;
				GCC_DYNAMIC_NO_PIC = NO;
				GCC_OPTIMIZATION_LEVEL = 0;
				GCC_PREPROCESSOR_DEFINITIONS = (
					"DEBUG=1",
					"$(inherited)",
				);
				GCC_SYMBOLS_PRIVATE_EXTERN = NO;
				GCC_VERSION = com.apple.compilers.llvm.clang.1_0;
				GCC_WARN_ABOUT_RETURN_TYPE = YES;
				GCC_WARN_UNINITIALIZED_AUTOS = YES;
				GCC_WARN_UNUSED_VARIABLE = YES;
				IPHONEOS_DEPLOYMENT_TARGET = 5.1;
				SDKROOT = iphoneos;
				TARGETED_DEVICE_FAMILY = "1,2";
			};
			name = Debug;
		};
		386C598115454C1A000B592A /* Release */ = {
			isa = XCBuildConfiguration;
			buildSettings = {
				ALWAYS_SEARCH_USER_PATHS = NO;
				ARCHS = "$(ARCHS_STANDARD_32_BIT)";
				CLANG_ENABLE_OBJC_ARC = YES;
				"CODE_SIGN_IDENTITY[sdk=iphoneos*]" = "iPhone Developer";
				COPY_PHASE_STRIP = YES;
				GCC_C_LANGUAGE_STANDARD = gnu99;
				GCC_VERSION = com.apple.compilers.llvm.clang.1_0;
				GCC_WARN_ABOUT_RETURN_TYPE = YES;
				GCC_WARN_UNINITIALIZED_AUTOS = YES;
				GCC_WARN_UNUSED_VARIABLE = YES;
				IPHONEOS_DEPLOYMENT_TARGET = 5.1;
				OTHER_CFLAGS = "-DNS_BLOCK_ASSERTIONS=1";
				SDKROOT = iphoneos;
				TARGETED_DEVICE_FAMILY = "1,2";
				VALIDATE_PRODUCT = YES;
			};
			name = Release;
		};
		386C598315454C1A000B592A /* Debug */ = {
			isa = XCBuildConfiguration;
			buildSettings = {
				GCC_PRECOMPILE_PREFIX_HEADER = YES;
				GCC_PREFIX_HEADER = "Landmark/Landmark-Prefix.pch";
				HEADER_SEARCH_PATHS = "\"$(BUILT_PRODUCTS_DIR)/../../Headers\"";
				INFOPLIST_FILE = "Landmark/Landmark-Info.plist";
				OTHER_LDFLAGS = "-ObjC";
				PRODUCT_NAME = "$(TARGET_NAME)";
				WRAPPER_EXTENSION = app;
			};
			name = Debug;
		};
		386C598415454C1A000B592A /* Release */ = {
			isa = XCBuildConfiguration;
			buildSettings = {
				GCC_PRECOMPILE_PREFIX_HEADER = YES;
				GCC_PREFIX_HEADER = "Landmark/Landmark-Prefix.pch";
				HEADER_SEARCH_PATHS = "\"$(BUILT_PRODUCTS_DIR)/../../Headers\"";
				INFOPLIST_FILE = "Landmark/Landmark-Info.plist";
				OTHER_LDFLAGS = "-ObjC";
				PRODUCT_NAME = "$(TARGET_NAME)";
				WRAPPER_EXTENSION = app;
			};
			name = Release;
		};
/* End XCBuildConfiguration section */

/* Begin XCConfigurationList section */
		386C595B15454C1A000B592A /* Build configuration list for PBXProject "Landmark" */ = {
			isa = XCConfigurationList;
			buildConfigurations = (
				386C598015454C1A000B592A /* Debug */,
				386C598115454C1A000B592A /* Release */,
			);
			defaultConfigurationIsVisible = 0;
			defaultConfigurationName = Release;
		};
		386C598215454C1A000B592A /* Build configuration list for PBXNativeTarget "Landmark" */ = {
			isa = XCConfigurationList;
			buildConfigurations = (
				386C598315454C1A000B592A /* Debug */,
				386C598415454C1A000B592A /* Release */,
			);
			defaultConfigurationIsVisible = 0;
			defaultConfigurationName = Release;
		};
/* End XCConfigurationList section */
	};
	rootObject = 386C595815454C1A000B592A /* Project object */;
}
