// !$*UTF8*$!
{
	archiveVersion = 1;
	classes = {
	};
	objectVersion = 46;
	objects = {

/* Begin PBXBuildFile section */
		380F06421545673A00C9CF7C /* NavigationManager.m in Sources */ = {isa = PBXBuildFile; fileRef = 380F06411545673A00C9CF7C /* NavigationManager.m */; };
		380F065B1545799D00C9CF7C /* BaseViewController.m in Sources */ = {isa = PBXBuildFile; fileRef = 380F065A1545799D00C9CF7C /* BaseViewController.m */; };
		380F066E1545840D00C9CF7C /* LoginView_iPhone.xib in Resources */ = {isa = PBXBuildFile; fileRef = 380F066D1545840D00C9CF7C /* LoginView_iPhone.xib */; };
		380F06721545842E00C9CF7C /* LoginViewController.m in Sources */ = {isa = PBXBuildFile; fileRef = 380F06711545842E00C9CF7C /* LoginViewController.m */; };
		3822BF3715467D3400FB996A /* Default.png in Resources */ = {isa = PBXBuildFile; fileRef = 3822BF3315467D3400FB996A /* Default.png */; };
		3822BF3815467D3400FB996A /* Default@2x.png in Resources */ = {isa = PBXBuildFile; fileRef = 3822BF3415467D3400FB996A /* Default@2x.png */; };
		3822BF5E1546854900FB996A /* README.md in Resources */ = {isa = PBXBuildFile; fileRef = 3822BF5D1546854900FB996A /* README.md */; };
		3822BF90154692D900FB996A /* QuartzCore.framework in Frameworks */ = {isa = PBXBuildFile; fileRef = 3822BF8F154692D900FB996A /* QuartzCore.framework */; };
		3822BF94154695AA00FB996A /* CFNetwork.framework in Frameworks */ = {isa = PBXBuildFile; fileRef = 3822BF93154695AA00FB996A /* CFNetwork.framework */; };
		3822BF96154695B400FB996A /* CoreData.framework in Frameworks */ = {isa = PBXBuildFile; fileRef = 3822BF95154695B400FB996A /* CoreData.framework */; };
		3822BF98154695C100FB996A /* MobileCoreServices.framework in Frameworks */ = {isa = PBXBuildFile; fileRef = 3822BF97154695C100FB996A /* MobileCoreServices.framework */; };
		3822BF9A154695CD00FB996A /* Security.framework in Frameworks */ = {isa = PBXBuildFile; fileRef = 3822BF99154695CD00FB996A /* Security.framework */; };
		3822BF9C154695DA00FB996A /* SystemConfiguration.framework in Frameworks */ = {isa = PBXBuildFile; fileRef = 3822BF9B154695DA00FB996A /* SystemConfiguration.framework */; };
		3822BF9E154695E900FB996A /* libxml2.dylib in Frameworks */ = {isa = PBXBuildFile; fileRef = 3822BF9D154695E900FB996A /* libxml2.dylib */; };
		382FBC9415AF1CB6003298B6 /* LMContact.m in Sources */ = {isa = PBXBuildFile; fileRef = 382FBC9315AF1CB6003298B6 /* LMContact.m */; };
		382FBC9715AF1D26003298B6 /* LMSetting.m in Sources */ = {isa = PBXBuildFile; fileRef = 382FBC9615AF1D26003298B6 /* LMSetting.m */; };
		3837E37A15B5723E00DF1255 /* UserMappingProvider.m in Sources */ = {isa = PBXBuildFile; fileRef = 3837E37915B5723E00DF1255 /* UserMappingProvider.m */; };
		3837E38D15B6901900DF1255 /* SharingMappingProvider.m in Sources */ = {isa = PBXBuildFile; fileRef = 3837E38C15B6901900DF1255 /* SharingMappingProvider.m */; };
		3837E39315B6989F00DF1255 /* SharingTableViewCell.m in Sources */ = {isa = PBXBuildFile; fileRef = 3837E39215B6989F00DF1255 /* SharingTableViewCell.m */; };
		384E236715A4762900D55EF5 /* LMAnnotation.m in Sources */ = {isa = PBXBuildFile; fileRef = 384E236615A4762900D55EF5 /* LMAnnotation.m */; };
		385E61F0154A850E00964706 /* LMUser.m in Sources */ = {isa = PBXBuildFile; fileRef = 385E61EF154A850E00964706 /* LMUser.m */; };
		385E61F7154A8ABE00964706 /* CreateSpaceViewController.m in Sources */ = {isa = PBXBuildFile; fileRef = 385E61F6154A8ABE00964706 /* CreateSpaceViewController.m */; };
		385E6207154BDA9700964706 /* LocationView_iPhone.xib in Resources */ = {isa = PBXBuildFile; fileRef = 385E6206154BDA9700964706 /* LocationView_iPhone.xib */; };
		385E6209154BDAC200964706 /* HistoryView_iPhone.xib in Resources */ = {isa = PBXBuildFile; fileRef = 385E6208154BDAC200964706 /* HistoryView_iPhone.xib */; };
		385E620C154BDADC00964706 /* HistoryViewController.m in Sources */ = {isa = PBXBuildFile; fileRef = 385E620B154BDADC00964706 /* HistoryViewController.m */; };
		385E620F154BE5E000964706 /* MapKit.framework in Frameworks */ = {isa = PBXBuildFile; fileRef = 385E620E154BE5E000964706 /* MapKit.framework */; };
		385E6211154BEAB600964706 /* CoreLocation.framework in Frameworks */ = {isa = PBXBuildFile; fileRef = 385E6210154BEAB600964706 /* CoreLocation.framework */; };
		386935221545B0EC00EDF001 /* HomeViewController.m in Sources */ = {isa = PBXBuildFile; fileRef = 386935211545B0EC00EDF001 /* HomeViewController.m */; };
		386C596615454C1A000B592A /* UIKit.framework in Frameworks */ = {isa = PBXBuildFile; fileRef = 386C596515454C1A000B592A /* UIKit.framework */; };
		386C596815454C1A000B592A /* Foundation.framework in Frameworks */ = {isa = PBXBuildFile; fileRef = 386C596715454C1A000B592A /* Foundation.framework */; };
		386C596A15454C1A000B592A /* CoreGraphics.framework in Frameworks */ = {isa = PBXBuildFile; fileRef = 386C596915454C1A000B592A /* CoreGraphics.framework */; };
		386C597215454C1A000B592A /* main.m in Sources */ = {isa = PBXBuildFile; fileRef = 386C597115454C1A000B592A /* main.m */; };
		386C597615454C1A000B592A /* AppDelegate.m in Sources */ = {isa = PBXBuildFile; fileRef = 386C597515454C1A000B592A /* AppDelegate.m */; };
		386C597915454C1A000B592A /* SplashViewController.m in Sources */ = {isa = PBXBuildFile; fileRef = 386C597815454C1A000B592A /* SplashViewController.m */; };
		387C69FF154C3BE3005768B9 /* ContactsViewController.m in Sources */ = {isa = PBXBuildFile; fileRef = 387C69FE154C3BE3005768B9 /* ContactsViewController.m */; };
		387C6A02154C3BFE005768B9 /* ContactsView_iPhone.xib in Resources */ = {isa = PBXBuildFile; fileRef = 387C6A01154C3BFE005768B9 /* ContactsView_iPhone.xib */; };
		387C6A04154C3FC0005768B9 /* SplashView_iPhone.xib in Resources */ = {isa = PBXBuildFile; fileRef = 387C6A03154C3FC0005768B9 /* SplashView_iPhone.xib */; };
		387C6A06154C3FD0005768B9 /* SplashView_iPad.xib in Resources */ = {isa = PBXBuildFile; fileRef = 387C6A05154C3FD0005768B9 /* SplashView_iPad.xib */; };
		388B156E15B560FF00348CBD /* LMAPIClient.m in Sources */ = {isa = PBXBuildFile; fileRef = 388B156D15B560FF00348CBD /* LMAPIClient.m */; };
		3894D0AD1547E17500707389 /* icon-72.png in Resources */ = {isa = PBXBuildFile; fileRef = 3894D0AB1547E17500707389 /* icon-72.png */; };
		3894D0AE1547E17500707389 /* icon.png in Resources */ = {isa = PBXBuildFile; fileRef = 3894D0AC1547E17500707389 /* icon.png */; };
		3894D0F41547FBE900707389 /* SettingsView_iPhone.xib in Resources */ = {isa = PBXBuildFile; fileRef = 3894D0F31547FBE900707389 /* SettingsView_iPhone.xib */; };
		3894D0F71547FC0000707389 /* SettingsViewController.m in Sources */ = {isa = PBXBuildFile; fileRef = 3894D0F61547FC0000707389 /* SettingsViewController.m */; };
		3894D0F91548002F00707389 /* HomeView_iPhone.xib in Resources */ = {isa = PBXBuildFile; fileRef = 3894D0F81548002F00707389 /* HomeView_iPhone.xib */; };
		3894D11E1549150900707389 /* LMSharing.m in Sources */ = {isa = PBXBuildFile; fileRef = 3894D11D1549150900707389 /* LMSharing.m */; };
		3894D1441549218900707389 /* InfoPlist.strings in Resources */ = {isa = PBXBuildFile; fileRef = 3894D1401549218900707389 /* InfoPlist.strings */; };
		3894D1451549218900707389 /* Localizable.strings in Resources */ = {isa = PBXBuildFile; fileRef = 3894D1421549218900707389 /* Localizable.strings */; };
		3894D14B1549219100707389 /* InfoPlist.strings in Resources */ = {isa = PBXBuildFile; fileRef = 3894D1471549219100707389 /* InfoPlist.strings */; };
		3894D14C1549219100707389 /* Localizable.strings in Resources */ = {isa = PBXBuildFile; fileRef = 3894D1491549219100707389 /* Localizable.strings */; };
		3894D17315495B5400707389 /* LocationViewController.m in Sources */ = {isa = PBXBuildFile; fileRef = 3894D17215495B5300707389 /* LocationViewController.m */; };
		3894D17515495B7100707389 /* CreateSpaceView_iPhone.xib in Resources */ = {isa = PBXBuildFile; fileRef = 3894D17415495B7100707389 /* CreateSpaceView_iPhone.xib */; };
		38D28E7B15B5A35F00060FB1 /* UserTableViewCell.m in Sources */ = {isa = PBXBuildFile; fileRef = 38D28E7A15B5A35F00060FB1 /* UserTableViewCell.m */; };
		38D9BEBD15ABFFD500F1CEA7 /* LMUserCell.xib in Resources */ = {isa = PBXBuildFile; fileRef = 38D9BEBC15ABFFD500F1CEA7 /* LMUserCell.xib */; };
		38D9BEC415AC0BF800F1CEA7 /* LMUserCell.m in Sources */ = {isa = PBXBuildFile; fileRef = 38D9BEC315AC0BF800F1CEA7 /* LMUserCell.m */; };
		38DB056C154854F80092CDCD /* AboutView_iPhone.xib in Resources */ = {isa = PBXBuildFile; fileRef = 38DB056B154854F80092CDCD /* AboutView_iPhone.xib */; };
		38DB056F154855140092CDCD /* AboutViewController.m in Sources */ = {isa = PBXBuildFile; fileRef = 38DB056E154855140092CDCD /* AboutViewController.m */; };
		75D76D9637544FD5BB1EDDA1 /* libPods.a in Frameworks */ = {isa = PBXBuildFile; fileRef = 118341ABCA8344ECA3D12B55 /* libPods.a */; };
/* End PBXBuildFile section */

/* Begin PBXFileReference section */
		118341ABCA8344ECA3D12B55 /* libPods.a */ = {isa = PBXFileReference; explicitFileType = archive.ar; includeInIndex = 0; path = libPods.a; sourceTree = BUILT_PRODUCTS_DIR; };
		380F06401545673A00C9CF7C /* NavigationManager.h */ = {isa = PBXFileReference; fileEncoding = 4; lastKnownFileType = sourcecode.c.h; path = NavigationManager.h; sourceTree = "<group>"; };
		380F06411545673A00C9CF7C /* NavigationManager.m */ = {isa = PBXFileReference; fileEncoding = 4; lastKnownFileType = sourcecode.c.objc; path = NavigationManager.m; sourceTree = "<group>"; };
		380F06591545799D00C9CF7C /* BaseViewController.h */ = {isa = PBXFileReference; fileEncoding = 4; lastKnownFileType = sourcecode.c.h; path = BaseViewController.h; sourceTree = "<group>"; };
		380F065A1545799D00C9CF7C /* BaseViewController.m */ = {isa = PBXFileReference; fileEncoding = 4; lastKnownFileType = sourcecode.c.objc; path = BaseViewController.m; sourceTree = "<group>"; };
		380F066D1545840D00C9CF7C /* LoginView_iPhone.xib */ = {isa = PBXFileReference; fileEncoding = 4; lastKnownFileType = file.xib; path = LoginView_iPhone.xib; sourceTree = "<group>"; };
		380F06701545842E00C9CF7C /* LoginViewController.h */ = {isa = PBXFileReference; fileEncoding = 4; lastKnownFileType = sourcecode.c.h; path = LoginViewController.h; sourceTree = "<group>"; };
		380F06711545842E00C9CF7C /* LoginViewController.m */ = {isa = PBXFileReference; fileEncoding = 4; lastKnownFileType = sourcecode.c.objc; path = LoginViewController.m; sourceTree = "<group>"; };
		3822BF3315467D3400FB996A /* Default.png */ = {isa = PBXFileReference; lastKnownFileType = image.png; path = Default.png; sourceTree = "<group>"; };
		3822BF3415467D3400FB996A /* Default@2x.png */ = {isa = PBXFileReference; lastKnownFileType = image.png; path = "Default@2x.png"; sourceTree = "<group>"; };
		3822BF5D1546854900FB996A /* README.md */ = {isa = PBXFileReference; fileEncoding = 4; lastKnownFileType = text; path = README.md; sourceTree = "<group>"; };
		3822BF8F154692D900FB996A /* QuartzCore.framework */ = {isa = PBXFileReference; includeInIndex = 1; lastKnownFileType = wrapper.framework; name = QuartzCore.framework; path = System/Library/Frameworks/QuartzCore.framework; sourceTree = SDKROOT; };
		3822BF93154695AA00FB996A /* CFNetwork.framework */ = {isa = PBXFileReference; includeInIndex = 1; lastKnownFileType = wrapper.framework; name = CFNetwork.framework; path = System/Library/Frameworks/CFNetwork.framework; sourceTree = SDKROOT; };
		3822BF95154695B400FB996A /* CoreData.framework */ = {isa = PBXFileReference; includeInIndex = 1; lastKnownFileType = wrapper.framework; name = CoreData.framework; path = System/Library/Frameworks/CoreData.framework; sourceTree = SDKROOT; };
		3822BF97154695C100FB996A /* MobileCoreServices.framework */ = {isa = PBXFileReference; includeInIndex = 1; lastKnownFileType = wrapper.framework; name = MobileCoreServices.framework; path = System/Library/Frameworks/MobileCoreServices.framework; sourceTree = SDKROOT; };
		3822BF99154695CD00FB996A /* Security.framework */ = {isa = PBXFileReference; includeInIndex = 1; lastKnownFileType = wrapper.framework; name = Security.framework; path = System/Library/Frameworks/Security.framework; sourceTree = SDKROOT; };
		3822BF9B154695DA00FB996A /* SystemConfiguration.framework */ = {isa = PBXFileReference; includeInIndex = 1; lastKnownFileType = wrapper.framework; name = SystemConfiguration.framework; path = System/Library/Frameworks/SystemConfiguration.framework; sourceTree = SDKROOT; };
		3822BF9D154695E900FB996A /* libxml2.dylib */ = {isa = PBXFileReference; includeInIndex = 1; lastKnownFileType = "compiled.mach-o.dylib"; name = libxml2.dylib; path = usr/lib/libxml2.dylib; sourceTree = SDKROOT; };
		382FBC9215AF1CB6003298B6 /* LMContact.h */ = {isa = PBXFileReference; fileEncoding = 4; lastKnownFileType = sourcecode.c.h; path = LMContact.h; sourceTree = "<group>"; };
		382FBC9315AF1CB6003298B6 /* LMContact.m */ = {isa = PBXFileReference; fileEncoding = 4; lastKnownFileType = sourcecode.c.objc; path = LMContact.m; sourceTree = "<group>"; };
		382FBC9515AF1D26003298B6 /* LMSetting.h */ = {isa = PBXFileReference; fileEncoding = 4; lastKnownFileType = sourcecode.c.h; path = LMSetting.h; sourceTree = "<group>"; };
		382FBC9615AF1D26003298B6 /* LMSetting.m */ = {isa = PBXFileReference; fileEncoding = 4; lastKnownFileType = sourcecode.c.objc; path = LMSetting.m; sourceTree = "<group>"; };
		3837E37815B5723E00DF1255 /* UserMappingProvider.h */ = {isa = PBXFileReference; fileEncoding = 4; lastKnownFileType = sourcecode.c.h; path = UserMappingProvider.h; sourceTree = "<group>"; };
		3837E37915B5723E00DF1255 /* UserMappingProvider.m */ = {isa = PBXFileReference; fileEncoding = 4; lastKnownFileType = sourcecode.c.objc; path = UserMappingProvider.m; sourceTree = "<group>"; };
		3837E38B15B6901900DF1255 /* SharingMappingProvider.h */ = {isa = PBXFileReference; fileEncoding = 4; lastKnownFileType = sourcecode.c.h; path = SharingMappingProvider.h; sourceTree = "<group>"; };
		3837E38C15B6901900DF1255 /* SharingMappingProvider.m */ = {isa = PBXFileReference; fileEncoding = 4; lastKnownFileType = sourcecode.c.objc; path = SharingMappingProvider.m; sourceTree = "<group>"; };
		3837E39115B6989F00DF1255 /* SharingTableViewCell.h */ = {isa = PBXFileReference; fileEncoding = 4; lastKnownFileType = sourcecode.c.h; path = SharingTableViewCell.h; sourceTree = "<group>"; };
		3837E39215B6989F00DF1255 /* SharingTableViewCell.m */ = {isa = PBXFileReference; fileEncoding = 4; lastKnownFileType = sourcecode.c.objc; path = SharingTableViewCell.m; sourceTree = "<group>"; };
		384E236515A4762900D55EF5 /* LMAnnotation.h */ = {isa = PBXFileReference; fileEncoding = 4; lastKnownFileType = sourcecode.c.h; path = LMAnnotation.h; sourceTree = "<group>"; };
		384E236615A4762900D55EF5 /* LMAnnotation.m */ = {isa = PBXFileReference; fileEncoding = 4; lastKnownFileType = sourcecode.c.objc; path = LMAnnotation.m; sourceTree = "<group>"; };
		385E61EE154A850E00964706 /* LMUser.h */ = {isa = PBXFileReference; fileEncoding = 4; lastKnownFileType = sourcecode.c.h; path = LMUser.h; sourceTree = "<group>"; };
		385E61EF154A850E00964706 /* LMUser.m */ = {isa = PBXFileReference; fileEncoding = 4; lastKnownFileType = sourcecode.c.objc; path = LMUser.m; sourceTree = "<group>"; };
		385E61F5154A8ABE00964706 /* CreateSpaceViewController.h */ = {isa = PBXFileReference; fileEncoding = 4; lastKnownFileType = sourcecode.c.h; path = CreateSpaceViewController.h; sourceTree = "<group>"; };
		385E61F6154A8ABE00964706 /* CreateSpaceViewController.m */ = {isa = PBXFileReference; fileEncoding = 4; lastKnownFileType = sourcecode.c.objc; path = CreateSpaceViewController.m; sourceTree = "<group>"; };
		385E6206154BDA9700964706 /* LocationView_iPhone.xib */ = {isa = PBXFileReference; fileEncoding = 4; lastKnownFileType = file.xib; path = LocationView_iPhone.xib; sourceTree = "<group>"; };
		385E6208154BDAC200964706 /* HistoryView_iPhone.xib */ = {isa = PBXFileReference; fileEncoding = 4; lastKnownFileType = file.xib; path = HistoryView_iPhone.xib; sourceTree = "<group>"; };
		385E620A154BDADC00964706 /* HistoryViewController.h */ = {isa = PBXFileReference; fileEncoding = 4; lastKnownFileType = sourcecode.c.h; path = HistoryViewController.h; sourceTree = "<group>"; };
		385E620B154BDADC00964706 /* HistoryViewController.m */ = {isa = PBXFileReference; fileEncoding = 4; lastKnownFileType = sourcecode.c.objc; path = HistoryViewController.m; sourceTree = "<group>"; };
		385E620E154BE5E000964706 /* MapKit.framework */ = {isa = PBXFileReference; includeInIndex = 1; lastKnownFileType = wrapper.framework; name = MapKit.framework; path = System/Library/Frameworks/MapKit.framework; sourceTree = SDKROOT; };
		385E6210154BEAB600964706 /* CoreLocation.framework */ = {isa = PBXFileReference; includeInIndex = 1; lastKnownFileType = wrapper.framework; name = CoreLocation.framework; path = System/Library/Frameworks/CoreLocation.framework; sourceTree = SDKROOT; };
		386935201545B0EC00EDF001 /* HomeViewController.h */ = {isa = PBXFileReference; fileEncoding = 4; lastKnownFileType = sourcecode.c.h; path = HomeViewController.h; sourceTree = "<group>"; };
		386935211545B0EC00EDF001 /* HomeViewController.m */ = {isa = PBXFileReference; fileEncoding = 4; lastKnownFileType = sourcecode.c.objc; path = HomeViewController.m; sourceTree = "<group>"; };
		386C596115454C1A000B592A /* Landmark.app */ = {isa = PBXFileReference; explicitFileType = wrapper.application; includeInIndex = 0; path = Landmark.app; sourceTree = BUILT_PRODUCTS_DIR; };
		386C596515454C1A000B592A /* UIKit.framework */ = {isa = PBXFileReference; includeInIndex = 1; lastKnownFileType = wrapper.framework; name = UIKit.framework; path = System/Library/Frameworks/UIKit.framework; sourceTree = SDKROOT; };
		386C596715454C1A000B592A /* Foundation.framework */ = {isa = PBXFileReference; includeInIndex = 1; lastKnownFileType = wrapper.framework; name = Foundation.framework; path = System/Library/Frameworks/Foundation.framework; sourceTree = SDKROOT; };
		386C596915454C1A000B592A /* CoreGraphics.framework */ = {isa = PBXFileReference; includeInIndex = 1; lastKnownFileType = wrapper.framework; name = CoreGraphics.framework; path = System/Library/Frameworks/CoreGraphics.framework; sourceTree = SDKROOT; };
		386C596D15454C1A000B592A /* Landmark-Info.plist */ = {isa = PBXFileReference; lastKnownFileType = text.plist.xml; path = "Landmark-Info.plist"; sourceTree = "<group>"; };
		386C597115454C1A000B592A /* main.m */ = {isa = PBXFileReference; lastKnownFileType = sourcecode.c.objc; path = main.m; sourceTree = "<group>"; };
		386C597315454C1A000B592A /* Landmark-Prefix.pch */ = {isa = PBXFileReference; lastKnownFileType = sourcecode.c.h; path = "Landmark-Prefix.pch"; sourceTree = "<group>"; };
		386C597415454C1A000B592A /* AppDelegate.h */ = {isa = PBXFileReference; lastKnownFileType = sourcecode.c.h; path = AppDelegate.h; sourceTree = "<group>"; };
		386C597515454C1A000B592A /* AppDelegate.m */ = {isa = PBXFileReference; lastKnownFileType = sourcecode.c.objc; path = AppDelegate.m; sourceTree = "<group>"; };
		386C597715454C1A000B592A /* SplashViewController.h */ = {isa = PBXFileReference; lastKnownFileType = sourcecode.c.h; path = SplashViewController.h; sourceTree = "<group>"; };
		386C597815454C1A000B592A /* SplashViewController.m */ = {isa = PBXFileReference; lastKnownFileType = sourcecode.c.objc; path = SplashViewController.m; sourceTree = "<group>"; };
		387C69FD154C3BE3005768B9 /* ContactsViewController.h */ = {isa = PBXFileReference; fileEncoding = 4; lastKnownFileType = sourcecode.c.h; path = ContactsViewController.h; sourceTree = "<group>"; };
		387C69FE154C3BE3005768B9 /* ContactsViewController.m */ = {isa = PBXFileReference; fileEncoding = 4; lastKnownFileType = sourcecode.c.objc; path = ContactsViewController.m; sourceTree = "<group>"; };
		387C6A01154C3BFE005768B9 /* ContactsView_iPhone.xib */ = {isa = PBXFileReference; fileEncoding = 4; lastKnownFileType = file.xib; path = ContactsView_iPhone.xib; sourceTree = "<group>"; };
		387C6A03154C3FC0005768B9 /* SplashView_iPhone.xib */ = {isa = PBXFileReference; fileEncoding = 4; lastKnownFileType = file.xib; path = SplashView_iPhone.xib; sourceTree = "<group>"; };
		387C6A05154C3FD0005768B9 /* SplashView_iPad.xib */ = {isa = PBXFileReference; fileEncoding = 4; lastKnownFileType = file.xib; path = SplashView_iPad.xib; sourceTree = "<group>"; };
		388B156C15B560FE00348CBD /* LMAPIClient.h */ = {isa = PBXFileReference; fileEncoding = 4; lastKnownFileType = sourcecode.c.h; path = LMAPIClient.h; sourceTree = "<group>"; };
		388B156D15B560FF00348CBD /* LMAPIClient.m */ = {isa = PBXFileReference; fileEncoding = 4; lastKnownFileType = sourcecode.c.objc; path = LMAPIClient.m; sourceTree = "<group>"; };
		3894D0AB1547E17500707389 /* icon-72.png */ = {isa = PBXFileReference; lastKnownFileType = image.png; name = "icon-72.png"; path = "Icons/icon-72.png"; sourceTree = "<group>"; };
		3894D0AC1547E17500707389 /* icon.png */ = {isa = PBXFileReference; lastKnownFileType = image.png; name = icon.png; path = Icons/icon.png; sourceTree = "<group>"; };
		3894D0F31547FBE900707389 /* SettingsView_iPhone.xib */ = {isa = PBXFileReference; fileEncoding = 4; lastKnownFileType = file.xib; path = SettingsView_iPhone.xib; sourceTree = "<group>"; };
		3894D0F51547FC0000707389 /* SettingsViewController.h */ = {isa = PBXFileReference; fileEncoding = 4; lastKnownFileType = sourcecode.c.h; path = SettingsViewController.h; sourceTree = "<group>"; };
		3894D0F61547FC0000707389 /* SettingsViewController.m */ = {isa = PBXFileReference; fileEncoding = 4; lastKnownFileType = sourcecode.c.objc; path = SettingsViewController.m; sourceTree = "<group>"; };
		3894D0F81548002F00707389 /* HomeView_iPhone.xib */ = {isa = PBXFileReference; fileEncoding = 4; lastKnownFileType = file.xib; path = HomeView_iPhone.xib; sourceTree = "<group>"; };
		3894D11B154901E300707389 /* ModalViewControllerDelegate.h */ = {isa = PBXFileReference; lastKnownFileType = sourcecode.c.h; path = ModalViewControllerDelegate.h; sourceTree = "<group>"; };
		3894D11C1549150900707389 /* LMSharing.h */ = {isa = PBXFileReference; fileEncoding = 4; lastKnownFileType = sourcecode.c.h; path = LMSharing.h; sourceTree = "<group>"; };
		3894D11D1549150900707389 /* LMSharing.m */ = {isa = PBXFileReference; fileEncoding = 4; lastKnownFileType = sourcecode.c.objc; path = LMSharing.m; sourceTree = "<group>"; };
		3894D1411549218900707389 /* en */ = {isa = PBXFileReference; lastKnownFileType = text.plist.strings; name = en; path = InfoPlist.strings; sourceTree = "<group>"; };
		3894D1431549218900707389 /* en */ = {isa = PBXFileReference; lastKnownFileType = text.plist.strings; name = en; path = Localizable.strings; sourceTree = "<group>"; };
		3894D1481549219100707389 /* zh-Hans */ = {isa = PBXFileReference; lastKnownFileType = text.plist.strings; name = "zh-Hans"; path = InfoPlist.strings; sourceTree = "<group>"; };
		3894D14A1549219100707389 /* zh-Hans */ = {isa = PBXFileReference; lastKnownFileType = text.plist.strings; name = "zh-Hans"; path = Localizable.strings; sourceTree = "<group>"; };
		3894D17115495B5300707389 /* LocationViewController.h */ = {isa = PBXFileReference; fileEncoding = 4; lastKnownFileType = sourcecode.c.h; path = LocationViewController.h; sourceTree = "<group>"; };
		3894D17215495B5300707389 /* LocationViewController.m */ = {isa = PBXFileReference; fileEncoding = 4; lastKnownFileType = sourcecode.c.objc; path = LocationViewController.m; sourceTree = "<group>"; };
		3894D17415495B7100707389 /* CreateSpaceView_iPhone.xib */ = {isa = PBXFileReference; fileEncoding = 4; lastKnownFileType = file.xib; path = CreateSpaceView_iPhone.xib; sourceTree = "<group>"; };
		38D28E7915B5A35F00060FB1 /* UserTableViewCell.h */ = {isa = PBXFileReference; fileEncoding = 4; lastKnownFileType = sourcecode.c.h; path = UserTableViewCell.h; sourceTree = "<group>"; };
		38D28E7A15B5A35F00060FB1 /* UserTableViewCell.m */ = {isa = PBXFileReference; fileEncoding = 4; lastKnownFileType = sourcecode.c.objc; path = UserTableViewCell.m; sourceTree = "<group>"; };
		38D9BEBC15ABFFD500F1CEA7 /* LMUserCell.xib */ = {isa = PBXFileReference; fileEncoding = 4; lastKnownFileType = file.xib; path = LMUserCell.xib; sourceTree = "<group>"; };
		38D9BEC215AC0BF800F1CEA7 /* LMUserCell.h */ = {isa = PBXFileReference; fileEncoding = 4; lastKnownFileType = sourcecode.c.h; path = LMUserCell.h; sourceTree = "<group>"; };
		38D9BEC315AC0BF800F1CEA7 /* LMUserCell.m */ = {isa = PBXFileReference; fileEncoding = 4; lastKnownFileType = sourcecode.c.objc; path = LMUserCell.m; sourceTree = "<group>"; };
		38DB056B154854F80092CDCD /* AboutView_iPhone.xib */ = {isa = PBXFileReference; fileEncoding = 4; lastKnownFileType = file.xib; path = AboutView_iPhone.xib; sourceTree = "<group>"; };
		38DB056D154855140092CDCD /* AboutViewController.h */ = {isa = PBXFileReference; fileEncoding = 4; lastKnownFileType = sourcecode.c.h; path = AboutViewController.h; sourceTree = "<group>"; };
		38DB056E154855140092CDCD /* AboutViewController.m */ = {isa = PBXFileReference; fileEncoding = 4; lastKnownFileType = sourcecode.c.objc; path = AboutViewController.m; sourceTree = "<group>"; };
		7663F0B3D8B04C7983751CB4 /* Pods.xcconfig */ = {isa = PBXFileReference; includeInIndex = 1; lastKnownFileType = text.xcconfig; name = Pods.xcconfig; path = Pods/Pods.xcconfig; sourceTree = SOURCE_ROOT; };
/* End PBXFileReference section */

/* Begin PBXFrameworksBuildPhase section */
		386C595E15454C1A000B592A /* Frameworks */ = {
			isa = PBXFrameworksBuildPhase;
			buildActionMask = 2147483647;
			files = (
				385E6211154BEAB600964706 /* CoreLocation.framework in Frameworks */,
				385E620F154BE5E000964706 /* MapKit.framework in Frameworks */,
				3822BF9E154695E900FB996A /* libxml2.dylib in Frameworks */,
				3822BF9C154695DA00FB996A /* SystemConfiguration.framework in Frameworks */,
				3822BF9A154695CD00FB996A /* Security.framework in Frameworks */,
				3822BF98154695C100FB996A /* MobileCoreServices.framework in Frameworks */,
				3822BF96154695B400FB996A /* CoreData.framework in Frameworks */,
				3822BF94154695AA00FB996A /* CFNetwork.framework in Frameworks */,
				3822BF90154692D900FB996A /* QuartzCore.framework in Frameworks */,
				386C596615454C1A000B592A /* UIKit.framework in Frameworks */,
				386C596815454C1A000B592A /* Foundation.framework in Frameworks */,
				386C596A15454C1A000B592A /* CoreGraphics.framework in Frameworks */,
				75D76D9637544FD5BB1EDDA1 /* libPods.a in Frameworks */,
			);
			runOnlyForDeploymentPostprocessing = 0;
		};
/* End PBXFrameworksBuildPhase section */

/* Begin PBXGroup section */
		380F063F154566CC00C9CF7C /* ViewManager */ = {
			isa = PBXGroup;
			children = (
				380F06401545673A00C9CF7C /* NavigationManager.h */,
				380F06411545673A00C9CF7C /* NavigationManager.m */,
			);
			name = ViewManager;
			sourceTree = "<group>";
		};
		380F06431545677F00C9CF7C /* iPad */ = {
			isa = PBXGroup;
			children = (
				387C6A05154C3FD0005768B9 /* SplashView_iPad.xib */,
			);
			name = iPad;
			sourceTree = "<group>";
		};
		380F06441545678B00C9CF7C /* iPhone */ = {
			isa = PBXGroup;
			children = (
				3837E39015B6986C00DF1255 /* Sharings */,
				387C6A00154C3BEC005768B9 /* Contacts */,
				385E6205154BDA7900964706 /* Space */,
				387C6A03154C3FC0005768B9 /* SplashView_iPhone.xib */,
				38DB056B154854F80092CDCD /* AboutView_iPhone.xib */,
				3894D0F81548002F00707389 /* HomeView_iPhone.xib */,
				380F066D1545840D00C9CF7C /* LoginView_iPhone.xib */,
				3894D0F31547FBE900707389 /* SettingsView_iPhone.xib */,
				385E6208154BDAC200964706 /* HistoryView_iPhone.xib */,
			);
			name = iPhone;
			sourceTree = "<group>";
		};
		3822BF3115467D3400FB996A /* Resources */ = {
			isa = PBXGroup;
			children = (
				3894D1461549219100707389 /* zh-Hans.lproj */,
				3894D13F1549218900707389 /* en.lproj */,
				3894D0AA1547E13D00707389 /* Icons */,
				3822BF3215467D3400FB996A /* Images */,
			);
			path = Resources;
			sourceTree = "<group>";
		};
		3822BF3215467D3400FB996A /* Images */ = {
			isa = PBXGroup;
			children = (
				3822BF3315467D3400FB996A /* Default.png */,
				3822BF3415467D3400FB996A /* Default@2x.png */,
			);
			path = Images;
			sourceTree = "<group>";
		};
		3837E37515B5722200DF1255 /* MappingProvider */ = {
			isa = PBXGroup;
			children = (
				388B156C15B560FE00348CBD /* LMAPIClient.h */,
				388B156D15B560FF00348CBD /* LMAPIClient.m */,
				3837E37815B5723E00DF1255 /* UserMappingProvider.h */,
				3837E37915B5723E00DF1255 /* UserMappingProvider.m */,
				3837E38B15B6901900DF1255 /* SharingMappingProvider.h */,
				3837E38C15B6901900DF1255 /* SharingMappingProvider.m */,
			);
			name = MappingProvider;
			sourceTree = "<group>";
		};
		3837E38F15B6950D00DF1255 /* Sharings */ = {
			isa = PBXGroup;
			children = (
				385E620A154BDADC00964706 /* HistoryViewController.h */,
				385E620B154BDADC00964706 /* HistoryViewController.m */,
			);
			name = Sharings;
			sourceTree = "<group>";
		};
		3837E39015B6986C00DF1255 /* Sharings */ = {
			isa = PBXGroup;
			children = (
				3837E39115B6989F00DF1255 /* SharingTableViewCell.h */,
				3837E39215B6989F00DF1255 /* SharingTableViewCell.m */,
			);
			name = Sharings;
			sourceTree = "<group>";
		};
		385E61F4154A8A9500964706 /* Space Set */ = {
			isa = PBXGroup;
			children = (
				3894D17115495B5300707389 /* LocationViewController.h */,
				3894D17215495B5300707389 /* LocationViewController.m */,
				385E61F5154A8ABE00964706 /* CreateSpaceViewController.h */,
				385E61F6154A8ABE00964706 /* CreateSpaceViewController.m */,
			);
			name = "Space Set";
			sourceTree = "<group>";
		};
		385E6205154BDA7900964706 /* Space */ = {
			isa = PBXGroup;
			children = (
				3894D17415495B7100707389 /* CreateSpaceView_iPhone.xib */,
				385E6206154BDA9700964706 /* LocationView_iPhone.xib */,
			);
			name = Space;
			sourceTree = "<group>";
		};
		385E620D154BDFC500964706 /* Settings */ = {
			isa = PBXGroup;
			children = (
				380F06701545842E00C9CF7C /* LoginViewController.h */,
				380F06711545842E00C9CF7C /* LoginViewController.m */,
				38DB056D154855140092CDCD /* AboutViewController.h */,
				38DB056E154855140092CDCD /* AboutViewController.m */,
				3894D0F51547FC0000707389 /* SettingsViewController.h */,
				3894D0F61547FC0000707389 /* SettingsViewController.m */,
			);
			name = Settings;
			sourceTree = "<group>";
		};
		386C595615454C1A000B592A = {
			isa = PBXGroup;
			children = (
				386C596415454C1A000B592A /* Frameworks */,
				386C596B15454C1A000B592A /* Landmark */,
				386C596215454C1A000B592A /* Products */,
				3822BF5D1546854900FB996A /* README.md */,
				3822BF3115467D3400FB996A /* Resources */,
				7663F0B3D8B04C7983751CB4 /* Pods.xcconfig */,
			);
			sourceTree = "<group>";
		};
		386C596215454C1A000B592A /* Products */ = {
			isa = PBXGroup;
			children = (
				386C596115454C1A000B592A /* Landmark.app */,
			);
			name = Products;
			sourceTree = "<group>";
		};
		386C596415454C1A000B592A /* Frameworks */ = {
			isa = PBXGroup;
			children = (
				385E6210154BEAB600964706 /* CoreLocation.framework */,
				385E620E154BE5E000964706 /* MapKit.framework */,
				3822BF9D154695E900FB996A /* libxml2.dylib */,
				3822BF9B154695DA00FB996A /* SystemConfiguration.framework */,
				3822BF99154695CD00FB996A /* Security.framework */,
				3822BF97154695C100FB996A /* MobileCoreServices.framework */,
				3822BF95154695B400FB996A /* CoreData.framework */,
				3822BF93154695AA00FB996A /* CFNetwork.framework */,
				3822BF8F154692D900FB996A /* QuartzCore.framework */,
				386C596515454C1A000B592A /* UIKit.framework */,
				386C596715454C1A000B592A /* Foundation.framework */,
				386C596915454C1A000B592A /* CoreGraphics.framework */,
				118341ABCA8344ECA3D12B55 /* libPods.a */,
			);
			name = Frameworks;
			sourceTree = "<group>";
		};
		386C596B15454C1A000B592A /* Landmark */ = {
			isa = PBXGroup;
			children = (
				386C597415454C1A000B592A /* AppDelegate.h */,
				386C597515454C1A000B592A /* AppDelegate.m */,
				380F063F154566CC00C9CF7C /* ViewManager */,
				3894D11A154901BC00707389 /* Protocals */,
				386C598815455369000B592A /* Models */,
				3837E37515B5722200DF1255 /* MappingProvider */,
				386C598615455320000B592A /* ViewControllers */,
				386C598715455362000B592A /* Views */,
				386C596C15454C1A000B592A /* Supporting Files */,
			);
			path = Landmark;
			sourceTree = "<group>";
		};
		386C596C15454C1A000B592A /* Supporting Files */ = {
			isa = PBXGroup;
			children = (
				386C596D15454C1A000B592A /* Landmark-Info.plist */,
				386C597115454C1A000B592A /* main.m */,
				386C597315454C1A000B592A /* Landmark-Prefix.pch */,
			);
			name = "Supporting Files";
			sourceTree = "<group>";
		};
		386C598615455320000B592A /* ViewControllers */ = {
			isa = PBXGroup;
			children = (
				385E61F4154A8A9500964706 /* Space Set */,
				3837E38F15B6950D00DF1255 /* Sharings */,
				387C69FC154C3B9C005768B9 /* Contracts */,
				385E620D154BDFC500964706 /* Settings */,
				380F06591545799D00C9CF7C /* BaseViewController.h */,
				380F065A1545799D00C9CF7C /* BaseViewController.m */,
				386935201545B0EC00EDF001 /* HomeViewController.h */,
				386935211545B0EC00EDF001 /* HomeViewController.m */,
				386C597715454C1A000B592A /* SplashViewController.h */,
				386C597815454C1A000B592A /* SplashViewController.m */,
			);
			name = ViewControllers;
			sourceTree = "<group>";
		};
		386C598715455362000B592A /* Views */ = {
			isa = PBXGroup;
			children = (
				380F06441545678B00C9CF7C /* iPhone */,
				380F06431545677F00C9CF7C /* iPad */,
			);
			name = Views;
			sourceTree = "<group>";
		};
		386C598815455369000B592A /* Models */ = {
			isa = PBXGroup;
			children = (
				384E236515A4762900D55EF5 /* LMAnnotation.h */,
				384E236615A4762900D55EF5 /* LMAnnotation.m */,
				3894D11C1549150900707389 /* LMSharing.h */,
				3894D11D1549150900707389 /* LMSharing.m */,
				385E61EE154A850E00964706 /* LMUser.h */,
				385E61EF154A850E00964706 /* LMUser.m */,
				382FBC9215AF1CB6003298B6 /* LMContact.h */,
				382FBC9315AF1CB6003298B6 /* LMContact.m */,
				382FBC9515AF1D26003298B6 /* LMSetting.h */,
				382FBC9615AF1D26003298B6 /* LMSetting.m */,
			);
			name = Models;
			sourceTree = "<group>";
		};
		387C69FC154C3B9C005768B9 /* Contracts */ = {
			isa = PBXGroup;
			children = (
				387C69FD154C3BE3005768B9 /* ContactsViewController.h */,
				387C69FE154C3BE3005768B9 /* ContactsViewController.m */,
				38D9BEC215AC0BF800F1CEA7 /* LMUserCell.h */,
				38D9BEC315AC0BF800F1CEA7 /* LMUserCell.m */,
			);
			name = Contracts;
			sourceTree = "<group>";
		};
		387C6A00154C3BEC005768B9 /* Contacts */ = {
			isa = PBXGroup;
			children = (
				38D28E7915B5A35F00060FB1 /* UserTableViewCell.h */,
				38D28E7A15B5A35F00060FB1 /* UserTableViewCell.m */,
				387C6A01154C3BFE005768B9 /* ContactsView_iPhone.xib */,
				38D9BEBC15ABFFD500F1CEA7 /* LMUserCell.xib */,
			);
			name = Contacts;
			sourceTree = "<group>";
		};
		3894D0AA1547E13D00707389 /* Icons */ = {
			isa = PBXGroup;
			children = (
				3894D0AB1547E17500707389 /* icon-72.png */,
				3894D0AC1547E17500707389 /* icon.png */,
			);
			name = Icons;
			sourceTree = "<group>";
		};
		3894D11A154901BC00707389 /* Protocals */ = {
			isa = PBXGroup;
			children = (
				3894D11B154901E300707389 /* ModalViewControllerDelegate.h */,
			);
			name = Protocals;
			sourceTree = "<group>";
		};
		3894D13F1549218900707389 /* en.lproj */ = {
			isa = PBXGroup;
			children = (
				3894D1401549218900707389 /* InfoPlist.strings */,
				3894D1421549218900707389 /* Localizable.strings */,
			);
			path = en.lproj;
			sourceTree = "<group>";
		};
		3894D1461549219100707389 /* zh-Hans.lproj */ = {
			isa = PBXGroup;
			children = (
				3894D1471549219100707389 /* InfoPlist.strings */,
				3894D1491549219100707389 /* Localizable.strings */,
			);
			path = "zh-Hans.lproj";
			sourceTree = "<group>";
		};
/* End PBXGroup section */

/* Begin PBXNativeTarget section */
		386C596015454C1A000B592A /* Landmark */ = {
			isa = PBXNativeTarget;
			buildConfigurationList = 386C598215454C1A000B592A /* Build configuration list for PBXNativeTarget "Landmark" */;
			buildPhases = (
				386C595D15454C1A000B592A /* Sources */,
				386C595E15454C1A000B592A /* Frameworks */,
				386C595F15454C1A000B592A /* Resources */,
				438C8D5B430740608842805C /* Copy Pods Resources */,
			);
			buildRules = (
			);
			dependencies = (
			);
			name = Landmark;
			productName = Landmark;
			productReference = 386C596115454C1A000B592A /* Landmark.app */;
			productType = "com.apple.product-type.application";
		};
/* End PBXNativeTarget section */

/* Begin PBXProject section */
		386C595815454C1A000B592A /* Project object */ = {
			isa = PBXProject;
			attributes = {
				LastUpgradeCheck = 0430;
				ORGANIZATIONNAME = LANVIGE;
			};
			buildConfigurationList = 386C595B15454C1A000B592A /* Build configuration list for PBXProject "Landmark" */;
			compatibilityVersion = "Xcode 3.2";
			developmentRegion = English;
			hasScannedForEncodings = 0;
			knownRegions = (
				en,
				"zh-Hans",
			);
			mainGroup = 386C595615454C1A000B592A;
			productRefGroup = 386C596215454C1A000B592A /* Products */;
			projectDirPath = "";
			projectRoot = "";
			targets = (
				386C596015454C1A000B592A /* Landmark */,
			);
		};
/* End PBXProject section */

/* Begin PBXResourcesBuildPhase section */
		386C595F15454C1A000B592A /* Resources */ = {
			isa = PBXResourcesBuildPhase;
			buildActionMask = 2147483647;
			files = (
				380F066E1545840D00C9CF7C /* LoginView_iPhone.xib in Resources */,
				3822BF3715467D3400FB996A /* Default.png in Resources */,
				3822BF3815467D3400FB996A /* Default@2x.png in Resources */,
				3822BF5E1546854900FB996A /* README.md in Resources */,
				3894D0AD1547E17500707389 /* icon-72.png in Resources */,
				3894D0AE1547E17500707389 /* icon.png in Resources */,
				3894D0F41547FBE900707389 /* SettingsView_iPhone.xib in Resources */,
				3894D0F91548002F00707389 /* HomeView_iPhone.xib in Resources */,
				38DB056C154854F80092CDCD /* AboutView_iPhone.xib in Resources */,
				3894D1441549218900707389 /* InfoPlist.strings in Resources */,
				3894D1451549218900707389 /* Localizable.strings in Resources */,
				3894D14B1549219100707389 /* InfoPlist.strings in Resources */,
				3894D14C1549219100707389 /* Localizable.strings in Resources */,
				3894D17515495B7100707389 /* CreateSpaceView_iPhone.xib in Resources */,
				385E6207154BDA9700964706 /* LocationView_iPhone.xib in Resources */,
				385E6209154BDAC200964706 /* HistoryView_iPhone.xib in Resources */,
				387C6A02154C3BFE005768B9 /* ContactsView_iPhone.xib in Resources */,
				387C6A04154C3FC0005768B9 /* SplashView_iPhone.xib in Resources */,
				387C6A06154C3FD0005768B9 /* SplashView_iPad.xib in Resources */,
				38D9BEBD15ABFFD500F1CEA7 /* LMUserCell.xib in Resources */,
			);
			runOnlyForDeploymentPostprocessing = 0;
		};
/* End PBXResourcesBuildPhase section */

/* Begin PBXShellScriptBuildPhase section */
		438C8D5B430740608842805C /* Copy Pods Resources */ = {
			isa = PBXShellScriptBuildPhase;
			buildActionMask = 2147483647;
			files = (
			);
			inputPaths = (
			);
			name = "Copy Pods Resources";
			outputPaths = (
			);
			runOnlyForDeploymentPostprocessing = 0;
			shellPath = /bin/sh;
			shellScript = "\"${SRCROOT}/Pods/Pods-resources.sh\"\n";
		};
/* End PBXShellScriptBuildPhase section */

/* Begin PBXSourcesBuildPhase section */
		386C595D15454C1A000B592A /* Sources */ = {
			isa = PBXSourcesBuildPhase;
			buildActionMask = 2147483647;
			files = (
				386C597215454C1A000B592A /* main.m in Sources */,
				386C597615454C1A000B592A /* AppDelegate.m in Sources */,
				386C597915454C1A000B592A /* SplashViewController.m in Sources */,
				380F06421545673A00C9CF7C /* NavigationManager.m in Sources */,
				380F065B1545799D00C9CF7C /* BaseViewController.m in Sources */,
				380F06721545842E00C9CF7C /* LoginViewController.m in Sources */,
				386935221545B0EC00EDF001 /* HomeViewController.m in Sources */,
				3894D0F71547FC0000707389 /* SettingsViewController.m in Sources */,
				38DB056F154855140092CDCD /* AboutViewController.m in Sources */,
				3894D11E1549150900707389 /* LMSharing.m in Sources */,
				3894D17315495B5400707389 /* LocationViewController.m in Sources */,
				385E61F0154A850E00964706 /* LMUser.m in Sources */,
				385E61F7154A8ABE00964706 /* CreateSpaceViewController.m in Sources */,
				385E620C154BDADC00964706 /* HistoryViewController.m in Sources */,
				387C69FF154C3BE3005768B9 /* ContactsViewController.m in Sources */,
				384E236715A4762900D55EF5 /* LMAnnotation.m in Sources */,
				382FBC9415AF1CB6003298B6 /* LMContact.m in Sources */,
				382FBC9715AF1D26003298B6 /* LMSetting.m in Sources */,
				38D9BEC415AC0BF800F1CEA7 /* LMUserCell.m in Sources */,
				388B156E15B560FF00348CBD /* LMAPIClient.m in Sources */,
				3837E37A15B5723E00DF1255 /* UserMappingProvider.m in Sources */,
				38D28E7B15B5A35F00060FB1 /* UserTableViewCell.m in Sources */,
				3837E38D15B6901900DF1255 /* SharingMappingProvider.m in Sources */,
				3837E39315B6989F00DF1255 /* SharingTableViewCell.m in Sources */,
			);
			runOnlyForDeploymentPostprocessing = 0;
		};
/* End PBXSourcesBuildPhase section */

/* Begin PBXVariantGroup section */
		3894D1401549218900707389 /* InfoPlist.strings */ = {
			isa = PBXVariantGroup;
			children = (
				3894D1411549218900707389 /* en */,
			);
			name = InfoPlist.strings;
			sourceTree = "<group>";
		};
		3894D1421549218900707389 /* Localizable.strings */ = {
			isa = PBXVariantGroup;
			children = (
				3894D1431549218900707389 /* en */,
			);
			name = Localizable.strings;
			sourceTree = "<group>";
		};
		3894D1471549219100707389 /* InfoPlist.strings */ = {
			isa = PBXVariantGroup;
			children = (
				3894D1481549219100707389 /* zh-Hans */,
			);
			name = InfoPlist.strings;
			sourceTree = "<group>";
		};
		3894D1491549219100707389 /* Localizable.strings */ = {
			isa = PBXVariantGroup;
			children = (
				3894D14A1549219100707389 /* zh-Hans */,
			);
			name = Localizable.strings;
			sourceTree = "<group>";
		};
/* End PBXVariantGroup section */

/* Begin XCBuildConfiguration section */
		386C598015454C1A000B592A /* Debug */ = {
			isa = XCBuildConfiguration;
			buildSettings = {
				ALWAYS_SEARCH_USER_PATHS = NO;
				ARCHS = "$(ARCHS_STANDARD_32_BIT)";
				CLANG_ENABLE_OBJC_ARC = YES;
				"CODE_SIGN_IDENTITY[sdk=iphoneos*]" = "iPhone Developer";
				COPY_PHASE_STRIP = NO;
				GCC_C_LANGUAGE_STANDARD = gnu99;
				GCC_DYNAMIC_NO_PIC = NO;
				GCC_OPTIMIZATION_LEVEL = 0;
				GCC_PREPROCESSOR_DEFINITIONS = (
					"DEBUG=1",
					"$(inherited)",
				);
				GCC_SYMBOLS_PRIVATE_EXTERN = NO;
				GCC_VERSION = com.apple.compilers.llvm.clang.1_0;
				GCC_WARN_ABOUT_RETURN_TYPE = YES;
				GCC_WARN_UNINITIALIZED_AUTOS = YES;
				GCC_WARN_UNUSED_VARIABLE = YES;
				IPHONEOS_DEPLOYMENT_TARGET = 5.0;
				SDKROOT = iphoneos;
				TARGETED_DEVICE_FAMILY = "1,2";
			};
			name = Debug;
		};
		386C598115454C1A000B592A /* Release */ = {
			isa = XCBuildConfiguration;
			buildSettings = {
				ALWAYS_SEARCH_USER_PATHS = NO;
				ARCHS = "$(ARCHS_STANDARD_32_BIT)";
				CLANG_ENABLE_OBJC_ARC = YES;
				"CODE_SIGN_IDENTITY[sdk=iphoneos*]" = "iPhone Developer";
				COPY_PHASE_STRIP = YES;
				GCC_C_LANGUAGE_STANDARD = gnu99;
				GCC_VERSION = com.apple.compilers.llvm.clang.1_0;
				GCC_WARN_ABOUT_RETURN_TYPE = YES;
				GCC_WARN_UNINITIALIZED_AUTOS = YES;
				GCC_WARN_UNUSED_VARIABLE = YES;
				IPHONEOS_DEPLOYMENT_TARGET = 5.0;
				OTHER_CFLAGS = "-DNS_BLOCK_ASSERTIONS=1";
				SDKROOT = iphoneos;
				TARGETED_DEVICE_FAMILY = "1,2";
				VALIDATE_PRODUCT = YES;
			};
			name = Release;
		};
		386C598315454C1A000B592A /* Debug */ = {
			isa = XCBuildConfiguration;
			baseConfigurationReference = 7663F0B3D8B04C7983751CB4 /* Pods.xcconfig */;
			buildSettings = {
				GCC_PRECOMPILE_PREFIX_HEADER = YES;
				GCC_PREFIX_HEADER = "Landmark/Landmark-Prefix.pch";
				INFOPLIST_FILE = "Landmark/Landmark-Info.plist";
				OTHER_LDFLAGS = "-ObjC";
				PRODUCT_NAME = "$(TARGET_NAME)";
				WRAPPER_EXTENSION = app;
			};
			name = Debug;
		};
		386C598415454C1A000B592A /* Release */ = {
			isa = XCBuildConfiguration;
			baseConfigurationReference = 7663F0B3D8B04C7983751CB4 /* Pods.xcconfig */;
			buildSettings = {
				GCC_PRECOMPILE_PREFIX_HEADER = YES;
				GCC_PREFIX_HEADER = "Landmark/Landmark-Prefix.pch";
				INFOPLIST_FILE = "Landmark/Landmark-Info.plist";
				OTHER_LDFLAGS = "-ObjC";
				PRODUCT_NAME = "$(TARGET_NAME)";
				WRAPPER_EXTENSION = app;
			};
			name = Release;
		};
/* End XCBuildConfiguration section */

/* Begin XCConfigurationList section */
		386C595B15454C1A000B592A /* Build configuration list for PBXProject "Landmark" */ = {
			isa = XCConfigurationList;
			buildConfigurations = (
				386C598015454C1A000B592A /* Debug */,
				386C598115454C1A000B592A /* Release */,
			);
			defaultConfigurationIsVisible = 0;
			defaultConfigurationName = Release;
		};
		386C598215454C1A000B592A /* Build configuration list for PBXNativeTarget "Landmark" */ = {
			isa = XCConfigurationList;
			buildConfigurations = (
				386C598315454C1A000B592A /* Debug */,
				386C598415454C1A000B592A /* Release */,
			);
			defaultConfigurationIsVisible = 0;
			defaultConfigurationName = Release;
		};
/* End XCConfigurationList section */
	};
	rootObject = 386C595815454C1A000B592A /* Project object */;
}
